
Microsoft Visual Studio Solution File, Format Version 12.00
# Visual Studio Version 16
VisualStudioVersion = 16.0.30225.117
MinimumVisualStudioVersion = 10.0.40219.1
Project("{9A19103F-16F7-4668-BE54-9A1E7A4F7556}") = "ML.Console", "MangaLoader\ML.Console.csproj", "{E3450196-4F16-4032-895D-3AEA15B20AD0}"
EndProject
Project("{9A19103F-16F7-4668-BE54-9A1E7A4F7556}") = "ML.Domain", "ML.Domain\ML.Domain.csproj", "{6961ACB7-8A49-48D5-9DFD-3E4A1DEADE4B}"
EndProject
Project("{FAE04EC0-301F-11D3-BF4B-00C04F79EFBC}") = "ML.Service", "ML.Service\ML.Service.csproj", "{35016F86-3FDA-41DC-B37D-52FD008461A4}"
EndProject
Global
	GlobalSection(SolutionConfigurationPlatforms) = preSolution
		Debug|Any CPU = Debug|Any CPU
		Release|Any CPU = Release|Any CPU
	EndGlobalSection
	GlobalSection(ProjectConfigurationPlatforms) = postSolution
		{E3450196-4F16-4032-895D-3AEA15B20AD0}.Debug|Any CPU.ActiveCfg = Debug|Any CPU
		{E3450196-4F16-4032-895D-3AEA15B20AD0}.Debug|Any CPU.Build.0 = Debug|Any CPU
		{E3450196-4F16-4032-895D-3AEA15B20AD0}.Release|Any CPU.ActiveCfg = Release|Any CPU
		{E3450196-4F16-4032-895D-3AEA15B20AD0}.Release|Any CPU.Build.0 = Release|Any CPU
		{6961ACB7-8A49-48D5-9DFD-3E4A1DEADE4B}.Debug|Any CPU.ActiveCfg = Debug|Any CPU
		{6961ACB7-8A49-48D5-9DFD-3E4A1DEADE4B}.Debug|Any CPU.Build.0 = Debug|Any CPU
		{6961ACB7-8A49-48D5-9DFD-3E4A1DEADE4B}.Release|Any CPU.ActiveCfg = Release|Any CPU
		{6961ACB7-8A49-48D5-9DFD-3E4A1DEADE4B}.Release|Any CPU.Build.0 = Release|Any CPU
		{35016F86-3FDA-41DC-B37D-52FD008461A4}.Debug|Any CPU.ActiveCfg = Debug|Any CPU
		{35016F86-3FDA-41DC-B37D-52FD008461A4}.Debug|Any CPU.Build.0 = Debug|Any CPU
		{35016F86-3FDA-41DC-B37D-52FD008461A4}.Release|Any CPU.ActiveCfg = Release|Any CPU
		{35016F86-3FDA-41DC-B37D-52FD008461A4}.Release|Any CPU.Build.0 = Release|Any CPU
	EndGlobalSection
	GlobalSection(SolutionProperties) = preSolution
		HideSolutionNode = FALSE
	EndGlobalSection
	GlobalSection(ExtensibilityGlobals) = postSolution
		SolutionGuid = {94192683-BBCF-40FA-8290-28DD2F1EBA69}
	EndGlobalSection
EndGlobal
